
Microsoft Visual Studio Solution File, Format Version 12.00
# Visual Studio 2013
VisualStudioVersion = 12.0.21005.1
MinimumVisualStudioVersion = 10.0.40219.1
Project("{FAE04EC0-301F-11D3-BF4B-00C04F79EFBC}") = "Adform.Academy.DataTransfer.Web", "src\Adform.Academy.DataTransfer.Web\Adform.Academy.DataTransfer.Web.csproj", "{2C496B5B-BAD2-4D45-8EB2-33D0E9725A3F}"
EndProject
Project("{FAE04EC0-301F-11D3-BF4B-00C04F79EFBC}") = "Adform.Academy.DataTransfer.Core", "src\Adform.Academy.DataTransfer.Core\Adform.Academy.DataTransfer.Core.csproj", "{CB6E0CB6-965A-42DF-93E4-5256FF2CD3E5}"
EndProject
Project("{FAE04EC0-301F-11D3-BF4B-00C04F79EFBC}") = "Adform.Academy.DataTransfer.Service.Host", "src\Adform.Academy.DataTransfer.Service.Host\Adform.Academy.DataTransfer.Service.Host.csproj", "{717CE403-8A06-443F-8671-B03640E76EFA}"
EndProject
Project("{FAE04EC0-301F-11D3-BF4B-00C04F79EFBC}") = "Adform.Academy.DataTransfer.Logger", "src\Adform.Academy.DataTransfer.Logger\Adform.Academy.DataTransfer.Logger.csproj", "{662655CD-EA42-4076-84A0-115947270B11}"
EndProject
Project("{FAE04EC0-301F-11D3-BF4B-00C04F79EFBC}") = "Adform.Academy.DataTransfer.WebApi", "src\Adform.Academy.DataTransfer.WebApi\Adform.Academy.DataTransfer.WebApi.csproj", "{1D071418-A856-4491-AD02-D03A10A50B0B}"
EndProject
Global
	GlobalSection(SolutionConfigurationPlatforms) = preSolution
		Debug|Any CPU = Debug|Any CPU
		Release|Any CPU = Release|Any CPU
	EndGlobalSection
	GlobalSection(ProjectConfigurationPlatforms) = postSolution
		{2C496B5B-BAD2-4D45-8EB2-33D0E9725A3F}.Debug|Any CPU.ActiveCfg = Debug|Any CPU
		{2C496B5B-BAD2-4D45-8EB2-33D0E9725A3F}.Debug|Any CPU.Build.0 = Debug|Any CPU
		{2C496B5B-BAD2-4D45-8EB2-33D0E9725A3F}.Release|Any CPU.ActiveCfg = Release|Any CPU
		{2C496B5B-BAD2-4D45-8EB2-33D0E9725A3F}.Release|Any CPU.Build.0 = Release|Any CPU
		{CB6E0CB6-965A-42DF-93E4-5256FF2CD3E5}.Debug|Any CPU.ActiveCfg = Debug|Any CPU
		{CB6E0CB6-965A-42DF-93E4-5256FF2CD3E5}.Debug|Any CPU.Build.0 = Debug|Any CPU
		{CB6E0CB6-965A-42DF-93E4-5256FF2CD3E5}.Release|Any CPU.ActiveCfg = Release|Any CPU
		{CB6E0CB6-965A-42DF-93E4-5256FF2CD3E5}.Release|Any CPU.Build.0 = Release|Any CPU
		{717CE403-8A06-443F-8671-B03640E76EFA}.Debug|Any CPU.ActiveCfg = Debug|Any CPU
		{717CE403-8A06-443F-8671-B03640E76EFA}.Debug|Any CPU.Build.0 = Debug|Any CPU
		{717CE403-8A06-443F-8671-B03640E76EFA}.Release|Any CPU.ActiveCfg = Release|Any CPU
		{717CE403-8A06-443F-8671-B03640E76EFA}.Release|Any CPU.Build.0 = Release|Any CPU
		{662655CD-EA42-4076-84A0-115947270B11}.Debug|Any CPU.ActiveCfg = Debug|Any CPU
		{662655CD-EA42-4076-84A0-115947270B11}.Debug|Any CPU.Build.0 = Debug|Any CPU
		{662655CD-EA42-4076-84A0-115947270B11}.Release|Any CPU.ActiveCfg = Release|Any CPU
		{662655CD-EA42-4076-84A0-115947270B11}.Release|Any CPU.Build.0 = Release|Any CPU
		{1D071418-A856-4491-AD02-D03A10A50B0B}.Debug|Any CPU.ActiveCfg = Debug|Any CPU
		{1D071418-A856-4491-AD02-D03A10A50B0B}.Debug|Any CPU.Build.0 = Debug|Any CPU
		{1D071418-A856-4491-AD02-D03A10A50B0B}.Release|Any CPU.ActiveCfg = Release|Any CPU
		{1D071418-A856-4491-AD02-D03A10A50B0B}.Release|Any CPU.Build.0 = Release|Any CPU
	EndGlobalSection
	GlobalSection(SolutionProperties) = preSolution
		HideSolutionNode = FALSE
	EndGlobalSection
EndGlobal
