
Microsoft Visual Studio Solution File, Format Version 12.00
# Visual Studio 2013
VisualStudioVersion = 12.0.21005.1
MinimumVisualStudioVersion = 10.0.40219.1
Project("{FAE04EC0-301F-11D3-BF4B-00C04F79EFBC}") = "Adform.Academy.DataTransfer.Web", "src\Adform.Academy.DataTransfer.Web\Adform.Academy.DataTransfer.Web.csproj", "{2C496B5B-BAD2-4D45-8EB2-33D0E9725A3F}"
EndProject
Project("{FAE04EC0-301F-11D3-BF4B-00C04F79EFBC}") = "Adform.Academy.DataTransfer.Core", "src\Adform.Academy.DataTransfer.Core\Adform.Academy.DataTransfer.Core.csproj", "{CB6E0CB6-965A-42DF-93E4-5256FF2CD3E5}"
EndProject
Project("{FAE04EC0-301F-11D3-BF4B-00C04F79EFBC}") = "Adform.Academy.DataTransfer.Service.Host", "src\Adform.Academy.DataTransfer.Service.Host\Adform.Academy.DataTransfer.Service.Host.csproj", "{717CE403-8A06-443F-8671-B03640E76EFA}"
EndProject
Project("{FAE04EC0-301F-11D3-BF4B-00C04F79EFBC}") = "Adform.Academy.DataTransfer.Logger", "src\Adform.Academy.DataTransfer.Logger\Adform.Academy.DataTransfer.Logger.csproj", "{662655CD-EA42-4076-84A0-115947270B11}"
EndProject
Project("{FAE04EC0-301F-11D3-BF4B-00C04F79EFBC}") = "Adform.Academy.DataTransfer.WebApi", "src\Adform.Academy.DataTransfer.WebApi\Adform.Academy.DataTransfer.WebApi.csproj", "{1D071418-A856-4491-AD02-D03A10A50B0B}"
EndProject
Project("{2150E333-8FDC-42A3-9474-1A3956D46DE8}") = "Engine", "Engine", "{6926CBE1-9BE1-429E-A3F6-10A5A10D09C2}"
EndProject
Project("{2150E333-8FDC-42A3-9474-1A3956D46DE8}") = "Api", "Api", "{65830C6E-3C65-4995-83DB-9EB099F0385C}"
EndProject
Project("{FAE04EC0-301F-11D3-BF4B-00C04F79EFBC}") = "Adform.Academy.DataTransfer.WebApi.Contracts", "src\Adform.Academy.DataTransfer.WebApi.Contracts\Adform.Academy.DataTransfer.WebApi.Contracts.csproj", "{E0C5848F-60FF-4E60-BCB6-2D8B08AEBD95}"
EndProject
Project("{F088123C-0E9E-452A-89E6-6BA2F21D5CAC}") = "Adform.Academy.DataTransfer.Diagrams", "src\Adform.Academy.DataTransfer.Diagrams\Adform.Academy.DataTransfer.Diagrams.modelproj", "{680EAE11-9CD4-4E55-B195-79AFB4DE8B9E}"
EndProject
Global
	GlobalSection(SolutionConfigurationPlatforms) = preSolution
		Debug|Any CPU = Debug|Any CPU
		Release|Any CPU = Release|Any CPU
	EndGlobalSection
	GlobalSection(ProjectConfigurationPlatforms) = postSolution
		{2C496B5B-BAD2-4D45-8EB2-33D0E9725A3F}.Debug|Any CPU.ActiveCfg = Debug|Any CPU
		{2C496B5B-BAD2-4D45-8EB2-33D0E9725A3F}.Debug|Any CPU.Build.0 = Debug|Any CPU
		{2C496B5B-BAD2-4D45-8EB2-33D0E9725A3F}.Release|Any CPU.ActiveCfg = Release|Any CPU
		{2C496B5B-BAD2-4D45-8EB2-33D0E9725A3F}.Release|Any CPU.Build.0 = Release|Any CPU
		{CB6E0CB6-965A-42DF-93E4-5256FF2CD3E5}.Debug|Any CPU.ActiveCfg = Debug|Any CPU
		{CB6E0CB6-965A-42DF-93E4-5256FF2CD3E5}.Debug|Any CPU.Build.0 = Debug|Any CPU
		{CB6E0CB6-965A-42DF-93E4-5256FF2CD3E5}.Release|Any CPU.ActiveCfg = Release|Any CPU
		{CB6E0CB6-965A-42DF-93E4-5256FF2CD3E5}.Release|Any CPU.Build.0 = Release|Any CPU
		{717CE403-8A06-443F-8671-B03640E76EFA}.Debug|Any CPU.ActiveCfg = Debug|Any CPU
		{717CE403-8A06-443F-8671-B03640E76EFA}.Debug|Any CPU.Build.0 = Debug|Any CPU
		{717CE403-8A06-443F-8671-B03640E76EFA}.Release|Any CPU.ActiveCfg = Release|Any CPU
		{717CE403-8A06-443F-8671-B03640E76EFA}.Release|Any CPU.Build.0 = Release|Any CPU
		{662655CD-EA42-4076-84A0-115947270B11}.Debug|Any CPU.ActiveCfg = Debug|Any CPU
		{662655CD-EA42-4076-84A0-115947270B11}.Debug|Any CPU.Build.0 = Debug|Any CPU
		{662655CD-EA42-4076-84A0-115947270B11}.Release|Any CPU.ActiveCfg = Release|Any CPU
		{662655CD-EA42-4076-84A0-115947270B11}.Release|Any CPU.Build.0 = Release|Any CPU
		{1D071418-A856-4491-AD02-D03A10A50B0B}.Debug|Any CPU.ActiveCfg = Debug|Any CPU
		{1D071418-A856-4491-AD02-D03A10A50B0B}.Debug|Any CPU.Build.0 = Debug|Any CPU
		{1D071418-A856-4491-AD02-D03A10A50B0B}.Release|Any CPU.ActiveCfg = Release|Any CPU
		{1D071418-A856-4491-AD02-D03A10A50B0B}.Release|Any CPU.Build.0 = Release|Any CPU
		{E0C5848F-60FF-4E60-BCB6-2D8B08AEBD95}.Debug|Any CPU.ActiveCfg = Debug|Any CPU
		{E0C5848F-60FF-4E60-BCB6-2D8B08AEBD95}.Debug|Any CPU.Build.0 = Debug|Any CPU
		{E0C5848F-60FF-4E60-BCB6-2D8B08AEBD95}.Release|Any CPU.ActiveCfg = Release|Any CPU
		{E0C5848F-60FF-4E60-BCB6-2D8B08AEBD95}.Release|Any CPU.Build.0 = Release|Any CPU
		{680EAE11-9CD4-4E55-B195-79AFB4DE8B9E}.Debug|Any CPU.ActiveCfg = Debug|Any CPU
		{680EAE11-9CD4-4E55-B195-79AFB4DE8B9E}.Debug|Any CPU.Build.0 = Debug|Any CPU
		{680EAE11-9CD4-4E55-B195-79AFB4DE8B9E}.Release|Any CPU.ActiveCfg = Release|Any CPU
		{680EAE11-9CD4-4E55-B195-79AFB4DE8B9E}.Release|Any CPU.Build.0 = Release|Any CPU
	EndGlobalSection
	GlobalSection(SolutionProperties) = preSolution
		HideSolutionNode = FALSE
	EndGlobalSection
	GlobalSection(NestedProjects) = preSolution
		{662655CD-EA42-4076-84A0-115947270B11} = {6926CBE1-9BE1-429E-A3F6-10A5A10D09C2}
		{CB6E0CB6-965A-42DF-93E4-5256FF2CD3E5} = {6926CBE1-9BE1-429E-A3F6-10A5A10D09C2}
		{1D071418-A856-4491-AD02-D03A10A50B0B} = {65830C6E-3C65-4995-83DB-9EB099F0385C}
		{E0C5848F-60FF-4E60-BCB6-2D8B08AEBD95} = {65830C6E-3C65-4995-83DB-9EB099F0385C}
	EndGlobalSection
EndGlobal
